{
    "_readme": [
        "This file locks the dependencies of your project to a known state",
        "Read more about it at https://getcomposer.org/doc/01-basic-usage.md#composer-lock-the-lock-file",
        "This file is @generated automatically"
    ],
    "content-hash": "d69823dd59e1eda8103746b9adcbf4ce",
    "packages": [
        {
            "name": "solt9029/php-utility",
            "version": "1.0.5",
            "source": {
                "type": "git",
                "url": "https://github.com/solt9029/PHPUtility.git",
                "reference": "e3a5204a3db550a92e3b433ce5e917168e7110e2"
            },
            "dist": {
                "type": "zip",
                "url": "https://api.github.com/repos/solt9029/PHPUtility/zipball/e3a5204a3db550a92e3b433ce5e917168e7110e2",
                "reference": "e3a5204a3db550a92e3b433ce5e917168e7110e2",
                "shasum": ""
            },
            "type": "library",
            "autoload": {
                "psr-4": {
                    "Solt9029\\": "src"
                }
            },
            "notification-url": "https://packagist.org/downloads/",
            "include-path": [
                "src/"
            ],
            "license": [
                "MIT"
            ],
            "authors": [
                {
                    "name": "Kenshi Shiode",
                    "email": "atemu1212@yahoo.co.jp"
                }
            ],
            "time": "2018-06-05T03:53:55+00:00"
        }
    ],
    "packages-dev": [],
    "aliases": [],
    "minimum-stability": "stable",
    "stability-flags": [],
    "prefer-stable": false,
    "prefer-lowest": false,
    "platform": [],
    "platform-dev": []
}
